{
  "name": "bharath",
  "version": "1.0.0",
  "lockfileVersion": 3,
  "requires": true,
  "packages": {
    "": {
      "name": "bharath",
      "version": "1.0.0",
      "license": "ISC",
      "dependencies": {
        "dotenv": "^17.4.2",
        "express": "^5.2.1"
      }
    },
    "node_modules/dotenv": {
      "version": "17.4.2",
      "resolved": "https://registry.npmjs.org/dotenv/-/dotenv-17.4.2.tgz",
      "integrity": "sha512-jnjW0tJsdfKbvFoLqKLVSNRhNfvKTT0YQT/K1rZx3RKlvCbX8nT2pjF0T1LwQGJfKvVfVq8LoTp2eQq2yLYaQ==",
      "engines": {
        "node": ">=14"
      }
    },
    "node_modules/express": {
      "version": "5.2.1",
      "resolved": "https://registry.npmjs.org/express/-/express-5.2.1.tgz",
      "integrity": "sha512-+AlOYQRHfz66TfKLbO5gCULvmO5Gl2BV/w/BRrMf0VBMAqVL5++7u5cR95UqCkMQ5Y14QlCx/RGf6vAP+t+Uw==",
      "engines": {
        "node": ">= 18"
      }
    }
  }
}
